// !$*UTF8*$!
{
	archiveVersion = 1;
	classes = {
	};
	objectVersion = 46;
	objects = {

/* Begin PBXBuildFile section */
		550AF7A01B3A085F00CB390B /* StartViewController.swift in Sources */ = {isa = PBXBuildFile; fileRef = 550AF79F1B3A085F00CB390B /* StartViewController.swift */; };
		550AF7A21B3A0C8000CB390B /* SignUpViewController.swift in Sources */ = {isa = PBXBuildFile; fileRef = 550AF7A11B3A0C8000CB390B /* SignUpViewController.swift */; };
		5516AD6E1B55824B00FD4DFC /* ProfileViewController.swift in Sources */ = {isa = PBXBuildFile; fileRef = 5516AD6D1B55824B00FD4DFC /* ProfileViewController.swift */; };
		5520DFAC1B6064C00099D879 /* MessageViewCell.swift in Sources */ = {isa = PBXBuildFile; fileRef = 5520DFAB1B6064C00099D879 /* MessageViewCell.swift */; };
		552B86111B596883003739A8 /* taskDetailsViewController.swift in Sources */ = {isa = PBXBuildFile; fileRef = 552B86101B596883003739A8 /* taskDetailsViewController.swift */; };
		554F59C61B56C5A7008DB191 /* viewHelpableTableViewController.swift in Sources */ = {isa = PBXBuildFile; fileRef = 554F59C51B56C5A7008DB191 /* viewHelpableTableViewController.swift */; };
		5550082D1B4C3C8B008E61E5 /* Launch Screen.xib in Resources */ = {isa = PBXBuildFile; fileRef = 5550082C1B4C3C8B008E61E5 /* Launch Screen.xib */; };
		555180B91B56C1B100A66D71 /* addHelpableViewController.swift in Sources */ = {isa = PBXBuildFile; fileRef = 555180B81B56C1B100A66D71 /* addHelpableViewController.swift */; };
		55583E341B604BE600204898 /* MediaPlayer.framework in Frameworks */ = {isa = PBXBuildFile; fileRef = 55583E331B604BE600204898 /* MediaPlayer.framework */; };
		55583E371B604C4D00204898 /* ChatViewController.swift in Sources */ = {isa = PBXBuildFile; fileRef = 55583E361B604C4D00204898 /* ChatViewController.swift */; };
		556EB00E1B38CC1E00784845 /* AppDelegate.swift in Sources */ = {isa = PBXBuildFile; fileRef = 556EB00D1B38CC1E00784845 /* AppDelegate.swift */; };
		556EB0101B38CC1E00784845 /* ViewController.swift in Sources */ = {isa = PBXBuildFile; fileRef = 556EB00F1B38CC1E00784845 /* ViewController.swift */; };
		556EB0151B38CC1E00784845 /* Images.xcassets in Resources */ = {isa = PBXBuildFile; fileRef = 556EB0141B38CC1E00784845 /* Images.xcassets */; };
		556EB0241B38CC1E00784845 /* SimpleAppTests.swift in Sources */ = {isa = PBXBuildFile; fileRef = 556EB0231B38CC1E00784845 /* SimpleAppTests.swift */; };
		557264601B73CAA200721C8A /* Settings.bundle in Resources */ = {isa = PBXBuildFile; fileRef = 5572645F1B73CAA200721C8A /* Settings.bundle */; };
		557264641B73D42200721C8A /* Main.storyboard in Resources */ = {isa = PBXBuildFile; fileRef = 556EB0111B38CC1E00784845 /* Main.storyboard */; };
		557264661B73DCB900721C8A /* ContentViewController.swift in Sources */ = {isa = PBXBuildFile; fileRef = 557264651B73DCB900721C8A /* ContentViewController.swift */; };
		55A31E6B1B580EA700A094B6 /* ZipCodeViewController.swift in Sources */ = {isa = PBXBuildFile; fileRef = 55A31E6A1B580EA700A094B6 /* ZipCodeViewController.swift */; };
		55B1EF261B4EDC6200B8D890 /* HomeTableViewController.swift in Sources */ = {isa = PBXBuildFile; fileRef = 55B1EF251B4EDC6200B8D890 /* HomeTableViewController.swift */; };
		55C359FC1B668F0E00A392C5 /* NoHelpViewController.swift in Sources */ = {isa = PBXBuildFile; fileRef = 55C359FB1B668F0E00A392C5 /* NoHelpViewController.swift */; };
		55C82BE11B4D890A00220E17 /* AudioToolbox.framework in Frameworks */ = {isa = PBXBuildFile; fileRef = 55C82BE01B4D890A00220E17 /* AudioToolbox.framework */; };
		55C82BE31B4D891000220E17 /* CFNetwork.framework in Frameworks */ = {isa = PBXBuildFile; fileRef = 55C82BE21B4D891000220E17 /* CFNetwork.framework */; };
		55C82BE51B4D891600220E17 /* CoreGraphics.framework in Frameworks */ = {isa = PBXBuildFile; fileRef = 55C82BE41B4D891600220E17 /* CoreGraphics.framework */; };
		55C82BE71B4D891B00220E17 /* CoreLocation.framework in Frameworks */ = {isa = PBXBuildFile; fileRef = 55C82BE61B4D891B00220E17 /* CoreLocation.framework */; };
		55C82BE91B4D892600220E17 /* MobileCoreServices.framework in Frameworks */ = {isa = PBXBuildFile; fileRef = 55C82BE81B4D892600220E17 /* MobileCoreServices.framework */; };
		55C82BEB1B4D892C00220E17 /* QuartzCore.framework in Frameworks */ = {isa = PBXBuildFile; fileRef = 55C82BEA1B4D892C00220E17 /* QuartzCore.framework */; };
		55C82BED1B4D893200220E17 /* Security.framework in Frameworks */ = {isa = PBXBuildFile; fileRef = 55C82BEC1B4D893200220E17 /* Security.framework */; };
		55C82BF11B4D893F00220E17 /* SystemConfiguration.framework in Frameworks */ = {isa = PBXBuildFile; fileRef = 55C82BF01B4D893F00220E17 /* SystemConfiguration.framework */; };
		55C82BF31B4D895000220E17 /* libz.dylib in Frameworks */ = {isa = PBXBuildFile; fileRef = 55C82BF21B4D895000220E17 /* libz.dylib */; };
		55C82BF51B4D895B00220E17 /* libsqlite3.dylib in Frameworks */ = {isa = PBXBuildFile; fileRef = 55C82BF41B4D895B00220E17 /* libsqlite3.dylib */; };
		55C82BFC1B4DA04000220E17 /* CustomButtons.swift in Sources */ = {isa = PBXBuildFile; fileRef = 55C82BFB1B4DA04000220E17 /* CustomButtons.swift */; };
		55C82BFE1B4DA31400220E17 /* RequestViewController.swift in Sources */ = {isa = PBXBuildFile; fileRef = 55C82BFD1B4DA31400220E17 /* RequestViewController.swift */; };
		55C82C001B4DA43B00220E17 /* CustomField.swift in Sources */ = {isa = PBXBuildFile; fileRef = 55C82BFF1B4DA43B00220E17 /* CustomField.swift */; };
		55CAA8C41B6BE313007AB136 /* AlertView.swift in Sources */ = {isa = PBXBuildFile; fileRef = 55CAA8C31B6BE313007AB136 /* AlertView.swift */; };
		55E110001B711BC2000A361C /* ChatConnectionsTableViewController.swift in Sources */ = {isa = PBXBuildFile; fileRef = 55E10FFF1B711BC2000A361C /* ChatConnectionsTableViewController.swift */; };
		55ECEE011B6AA0E5003B36F2 /* CloseRequestViewController.swift in Sources */ = {isa = PBXBuildFile; fileRef = 55ECEE001B6AA0E5003B36F2 /* CloseRequestViewController.swift */; };
		BC217040992F53D9A06AB9EE /* Pods_helpr.framework in Frameworks */ = {isa = PBXBuildFile; fileRef = CD4FD775B82EDBB82D1BE3B9 /* Pods_helpr.framework */; settings = {ATTRIBUTES = (Weak, ); }; };
/* End PBXBuildFile section */

/* Begin PBXContainerItemProxy section */
		556EB01E1B38CC1E00784845 /* PBXContainerItemProxy */ = {
			isa = PBXContainerItemProxy;
			containerPortal = 556EB0001B38CC1E00784845 /* Project object */;
			proxyType = 1;
			remoteGlobalIDString = 556EB0071B38CC1E00784845;
			remoteInfo = SimpleApp;
		};
/* End PBXContainerItemProxy section */

/* Begin PBXFileReference section */
		02165CF310D1C542AAF35FF5 /* Pods_Wanna_Help.framework */ = {isa = PBXFileReference; explicitFileType = wrapper.framework; includeInIndex = 0; path = Pods_Wanna_Help.framework; sourceTree = BUILT_PRODUCTS_DIR; };
		06C85159A6741407A60B176B /* Pods-Wanna Help.release.xcconfig */ = {isa = PBXFileReference; includeInIndex = 1; lastKnownFileType = text.xcconfig; name = "Pods-Wanna Help.release.xcconfig"; path = "Pods/Target Support Files/Pods-Wanna Help/Pods-Wanna Help.release.xcconfig"; sourceTree = "<group>"; };
		550AF79F1B3A085F00CB390B /* StartViewController.swift */ = {isa = PBXFileReference; fileEncoding = 4; lastKnownFileType = sourcecode.swift; path = StartViewController.swift; sourceTree = "<group>"; };
		550AF7A11B3A0C8000CB390B /* SignUpViewController.swift */ = {isa = PBXFileReference; fileEncoding = 4; lastKnownFileType = sourcecode.swift; path = SignUpViewController.swift; sourceTree = "<group>"; };
		5516AD6D1B55824B00FD4DFC /* ProfileViewController.swift */ = {isa = PBXFileReference; fileEncoding = 4; lastKnownFileType = sourcecode.swift; path = ProfileViewController.swift; sourceTree = "<group>"; };
		5520DFAB1B6064C00099D879 /* MessageViewCell.swift */ = {isa = PBXFileReference; fileEncoding = 4; lastKnownFileType = sourcecode.swift; path = MessageViewCell.swift; sourceTree = "<group>"; };
		552B86101B596883003739A8 /* taskDetailsViewController.swift */ = {isa = PBXFileReference; fileEncoding = 4; lastKnownFileType = sourcecode.swift; path = taskDetailsViewController.swift; sourceTree = "<group>"; };
		554F59C51B56C5A7008DB191 /* viewHelpableTableViewController.swift */ = {isa = PBXFileReference; fileEncoding = 4; lastKnownFileType = sourcecode.swift; path = viewHelpableTableViewController.swift; sourceTree = "<group>"; };
		5550082C1B4C3C8B008E61E5 /* Launch Screen.xib */ = {isa = PBXFileReference; fileEncoding = 4; lastKnownFileType = file.xib; name = "Launch Screen.xib"; path = "../Launch Screen.xib"; sourceTree = "<group>"; };
		555180B81B56C1B100A66D71 /* addHelpableViewController.swift */ = {isa = PBXFileReference; fileEncoding = 4; lastKnownFileType = sourcecode.swift; path = addHelpableViewController.swift; sourceTree = "<group>"; };
		55583E331B604BE600204898 /* MediaPlayer.framework */ = {isa = PBXFileReference; lastKnownFileType = wrapper.framework; name = MediaPlayer.framework; path = System/Library/Frameworks/MediaPlayer.framework; sourceTree = SDKROOT; };
		55583E361B604C4D00204898 /* ChatViewController.swift */ = {isa = PBXFileReference; fileEncoding = 4; lastKnownFileType = sourcecode.swift; path = ChatViewController.swift; sourceTree = "<group>"; };
		556EB0081B38CC1E00784845 /* helpr.app */ = {isa = PBXFileReference; explicitFileType = wrapper.application; includeInIndex = 0; path = helpr.app; sourceTree = BUILT_PRODUCTS_DIR; };
		556EB00C1B38CC1E00784845 /* Info.plist */ = {isa = PBXFileReference; lastKnownFileType = text.plist.xml; path = Info.plist; sourceTree = "<group>"; };
		556EB00D1B38CC1E00784845 /* AppDelegate.swift */ = {isa = PBXFileReference; lastKnownFileType = sourcecode.swift; path = AppDelegate.swift; sourceTree = "<group>"; };
		556EB00F1B38CC1E00784845 /* ViewController.swift */ = {isa = PBXFileReference; lastKnownFileType = sourcecode.swift; path = ViewController.swift; sourceTree = "<group>"; };
		556EB0121B38CC1E00784845 /* Base */ = {isa = PBXFileReference; lastKnownFileType = file.storyboard; name = Base; path = Base.lproj/Main.storyboard; sourceTree = "<group>"; };
		556EB0141B38CC1E00784845 /* Images.xcassets */ = {isa = PBXFileReference; lastKnownFileType = folder.assetcatalog; path = Images.xcassets; sourceTree = "<group>"; };
		556EB01D1B38CC1E00784845 /* helprTests.xctest */ = {isa = PBXFileReference; explicitFileType = wrapper.cfbundle; includeInIndex = 0; path = helprTests.xctest; sourceTree = BUILT_PRODUCTS_DIR; };
		556EB0221B38CC1E00784845 /* Info.plist */ = {isa = PBXFileReference; lastKnownFileType = text.plist.xml; path = Info.plist; sourceTree = "<group>"; };
		556EB0231B38CC1E00784845 /* SimpleAppTests.swift */ = {isa = PBXFileReference; lastKnownFileType = sourcecode.swift; path = SimpleAppTests.swift; sourceTree = "<group>"; };
		5572645F1B73CAA200721C8A /* Settings.bundle */ = {isa = PBXFileReference; lastKnownFileType = "wrapper.plug-in"; path = Settings.bundle; sourceTree = "<group>"; };
		557264611B73CD1E00721C8A /* Pods-helpr.debug.xcconfig */ = {isa = PBXFileReference; lastKnownFileType = text.xcconfig; name = "Pods-helpr.debug.xcconfig"; path = "Pods/Target Support Files/Pods-helpr/Pods-helpr.debug.xcconfig"; sourceTree = "<group>"; };
		557264651B73DCB900721C8A /* ContentViewController.swift */ = {isa = PBXFileReference; fileEncoding = 4; lastKnownFileType = sourcecode.swift; path = ContentViewController.swift; sourceTree = "<group>"; };
		55A31E6A1B580EA700A094B6 /* ZipCodeViewController.swift */ = {isa = PBXFileReference; fileEncoding = 4; lastKnownFileType = sourcecode.swift; path = ZipCodeViewController.swift; sourceTree = "<group>"; };
		55B1EF251B4EDC6200B8D890 /* HomeTableViewController.swift */ = {isa = PBXFileReference; fileEncoding = 4; lastKnownFileType = sourcecode.swift; path = HomeTableViewController.swift; sourceTree = "<group>"; };
		55C359FB1B668F0E00A392C5 /* NoHelpViewController.swift */ = {isa = PBXFileReference; fileEncoding = 4; lastKnownFileType = sourcecode.swift; path = NoHelpViewController.swift; sourceTree = "<group>"; };
		55C82BE01B4D890A00220E17 /* AudioToolbox.framework */ = {isa = PBXFileReference; lastKnownFileType = wrapper.framework; name = AudioToolbox.framework; path = System/Library/Frameworks/AudioToolbox.framework; sourceTree = SDKROOT; };
		55C82BE21B4D891000220E17 /* CFNetwork.framework */ = {isa = PBXFileReference; lastKnownFileType = wrapper.framework; name = CFNetwork.framework; path = System/Library/Frameworks/CFNetwork.framework; sourceTree = SDKROOT; };
		55C82BE41B4D891600220E17 /* CoreGraphics.framework */ = {isa = PBXFileReference; lastKnownFileType = wrapper.framework; name = CoreGraphics.framework; path = System/Library/Frameworks/CoreGraphics.framework; sourceTree = SDKROOT; };
		55C82BE61B4D891B00220E17 /* CoreLocation.framework */ = {isa = PBXFileReference; lastKnownFileType = wrapper.framework; name = CoreLocation.framework; path = System/Library/Frameworks/CoreLocation.framework; sourceTree = SDKROOT; };
		55C82BE81B4D892600220E17 /* MobileCoreServices.framework */ = {isa = PBXFileReference; lastKnownFileType = wrapper.framework; name = MobileCoreServices.framework; path = System/Library/Frameworks/MobileCoreServices.framework; sourceTree = SDKROOT; };
		55C82BEA1B4D892C00220E17 /* QuartzCore.framework */ = {isa = PBXFileReference; lastKnownFileType = wrapper.framework; name = QuartzCore.framework; path = System/Library/Frameworks/QuartzCore.framework; sourceTree = SDKROOT; };
		55C82BEC1B4D893200220E17 /* Security.framework */ = {isa = PBXFileReference; lastKnownFileType = wrapper.framework; name = Security.framework; path = System/Library/Frameworks/Security.framework; sourceTree = SDKROOT; };
		55C82BF01B4D893F00220E17 /* SystemConfiguration.framework */ = {isa = PBXFileReference; lastKnownFileType = wrapper.framework; name = SystemConfiguration.framework; path = System/Library/Frameworks/SystemConfiguration.framework; sourceTree = SDKROOT; };
		55C82BF21B4D895000220E17 /* libz.dylib */ = {isa = PBXFileReference; lastKnownFileType = "compiled.mach-o.dylib"; name = libz.dylib; path = usr/lib/libz.dylib; sourceTree = SDKROOT; };
		55C82BF41B4D895B00220E17 /* libsqlite3.dylib */ = {isa = PBXFileReference; lastKnownFileType = "compiled.mach-o.dylib"; name = libsqlite3.dylib; path = usr/lib/libsqlite3.dylib; sourceTree = SDKROOT; };
		55C82BFB1B4DA04000220E17 /* CustomButtons.swift */ = {isa = PBXFileReference; fileEncoding = 4; lastKnownFileType = sourcecode.swift; path = CustomButtons.swift; sourceTree = "<group>"; };
		55C82BFD1B4DA31400220E17 /* RequestViewController.swift */ = {isa = PBXFileReference; fileEncoding = 4; lastKnownFileType = sourcecode.swift; path = RequestViewController.swift; sourceTree = "<group>"; };
		55C82BFF1B4DA43B00220E17 /* CustomField.swift */ = {isa = PBXFileReference; fileEncoding = 4; lastKnownFileType = sourcecode.swift; path = CustomField.swift; sourceTree = "<group>"; };
		55CAA8C31B6BE313007AB136 /* AlertView.swift */ = {isa = PBXFileReference; fileEncoding = 4; lastKnownFileType = sourcecode.swift; path = AlertView.swift; sourceTree = "<group>"; };
		55E10FFF1B711BC2000A361C /* ChatConnectionsTableViewController.swift */ = {isa = PBXFileReference; fileEncoding = 4; lastKnownFileType = sourcecode.swift; path = ChatConnectionsTableViewController.swift; sourceTree = "<group>"; };
		55ECEE001B6AA0E5003B36F2 /* CloseRequestViewController.swift */ = {isa = PBXFileReference; fileEncoding = 4; lastKnownFileType = sourcecode.swift; path = CloseRequestViewController.swift; sourceTree = "<group>"; };
		9FB3942755ADEB1A250CEA1A /* Pods-Wanna Help.debug.xcconfig */ = {isa = PBXFileReference; includeInIndex = 1; lastKnownFileType = text.xcconfig; name = "Pods-Wanna Help.debug.xcconfig"; path = "Pods/Target Support Files/Pods-Wanna Help/Pods-Wanna Help.debug.xcconfig"; sourceTree = "<group>"; };
		CD4FD775B82EDBB82D1BE3B9 /* Pods_helpr.framework */ = {isa = PBXFileReference; explicitFileType = wrapper.framework; includeInIndex = 0; path = Pods_helpr.framework; sourceTree = BUILT_PRODUCTS_DIR; };
		F807A638B30085D0AFF82622 /* Pods_SimpleApp.framework */ = {isa = PBXFileReference; explicitFileType = wrapper.framework; includeInIndex = 0; path = Pods_SimpleApp.framework; sourceTree = BUILT_PRODUCTS_DIR; };
/* End PBXFileReference section */

/* Begin PBXFrameworksBuildPhase section */
		556EB0051B38CC1E00784845 /* Frameworks */ = {
			isa = PBXFrameworksBuildPhase;
			buildActionMask = 2147483647;
			files = (
				55583E341B604BE600204898 /* MediaPlayer.framework in Frameworks */,
				55C82BF51B4D895B00220E17 /* libsqlite3.dylib in Frameworks */,
				55C82BF31B4D895000220E17 /* libz.dylib in Frameworks */,
				55C82BF11B4D893F00220E17 /* SystemConfiguration.framework in Frameworks */,
				55C82BED1B4D893200220E17 /* Security.framework in Frameworks */,
				55C82BEB1B4D892C00220E17 /* QuartzCore.framework in Frameworks */,
				55C82BE91B4D892600220E17 /* MobileCoreServices.framework in Frameworks */,
				55C82BE71B4D891B00220E17 /* CoreLocation.framework in Frameworks */,
				55C82BE51B4D891600220E17 /* CoreGraphics.framework in Frameworks */,
				55C82BE31B4D891000220E17 /* CFNetwork.framework in Frameworks */,
				55C82BE11B4D890A00220E17 /* AudioToolbox.framework in Frameworks */,
				BC217040992F53D9A06AB9EE /* Pods_helpr.framework in Frameworks */,
			);
			runOnlyForDeploymentPostprocessing = 0;
		};
		556EB01A1B38CC1E00784845 /* Frameworks */ = {
			isa = PBXFrameworksBuildPhase;
			buildActionMask = 2147483647;
			files = (
			);
			runOnlyForDeploymentPostprocessing = 0;
		};
/* End PBXFrameworksBuildPhase section */

/* Begin PBXGroup section */
		19E1A1DBBE0D21D44AB99016 /* Frameworks */ = {
			isa = PBXGroup;
			children = (
				557264611B73CD1E00721C8A /* Pods-helpr.debug.xcconfig */,
				55583E331B604BE600204898 /* MediaPlayer.framework */,
				F807A638B30085D0AFF82622 /* Pods_SimpleApp.framework */,
				02165CF310D1C542AAF35FF5 /* Pods_Wanna_Help.framework */,
				CD4FD775B82EDBB82D1BE3B9 /* Pods_helpr.framework */,
			);
			name = Frameworks;
			sourceTree = "<group>";
		};
		556EAFFF1B38CC1E00784845 = {
			isa = PBXGroup;
			children = (
				5572645F1B73CAA200721C8A /* Settings.bundle */,
				55C82BF41B4D895B00220E17 /* libsqlite3.dylib */,
				55C82BF21B4D895000220E17 /* libz.dylib */,
				55C82BF01B4D893F00220E17 /* SystemConfiguration.framework */,
				55C82BEC1B4D893200220E17 /* Security.framework */,
				55C82BEA1B4D892C00220E17 /* QuartzCore.framework */,
				55C82BE81B4D892600220E17 /* MobileCoreServices.framework */,
				55C82BE61B4D891B00220E17 /* CoreLocation.framework */,
				55C82BE41B4D891600220E17 /* CoreGraphics.framework */,
				55C82BE21B4D891000220E17 /* CFNetwork.framework */,
				55C82BE01B4D890A00220E17 /* AudioToolbox.framework */,
				556EB00A1B38CC1E00784845 /* SimpleApp */,
				556EB0201B38CC1E00784845 /* SimpleAppTests */,
				556EB0091B38CC1E00784845 /* Products */,
				8DC3266F80A55AAB512DF833 /* Pods */,
				19E1A1DBBE0D21D44AB99016 /* Frameworks */,
			);
			sourceTree = "<group>";
		};
		556EB0091B38CC1E00784845 /* Products */ = {
			isa = PBXGroup;
			children = (
				556EB0081B38CC1E00784845 /* helpr.app */,
				556EB01D1B38CC1E00784845 /* helprTests.xctest */,
			);
			name = Products;
			sourceTree = "<group>";
		};
		556EB00A1B38CC1E00784845 /* SimpleApp */ = {
			isa = PBXGroup;
			children = (
				55C82BFA1B4DA03700220E17 /* Custom */,
				556EB00D1B38CC1E00784845 /* AppDelegate.swift */,
				556EB00F1B38CC1E00784845 /* ViewController.swift */,
				550AF7A11B3A0C8000CB390B /* SignUpViewController.swift */,
				550AF79F1B3A085F00CB390B /* StartViewController.swift */,
				557264651B73DCB900721C8A /* ContentViewController.swift */,
				55C82BFD1B4DA31400220E17 /* RequestViewController.swift */,
				5516AD6D1B55824B00FD4DFC /* ProfileViewController.swift */,
				55ECEE001B6AA0E5003B36F2 /* CloseRequestViewController.swift */,
				555180B81B56C1B100A66D71 /* addHelpableViewController.swift */,
				55B1EF251B4EDC6200B8D890 /* HomeTableViewController.swift */,
				554F59C51B56C5A7008DB191 /* viewHelpableTableViewController.swift */,
				55A31E6A1B580EA700A094B6 /* ZipCodeViewController.swift */,
				552B86101B596883003739A8 /* taskDetailsViewController.swift */,
				55583E361B604C4D00204898 /* ChatViewController.swift */,
				55E10FFF1B711BC2000A361C /* ChatConnectionsTableViewController.swift */,
				55C359FB1B668F0E00A392C5 /* NoHelpViewController.swift */,
				5520DFAB1B6064C00099D879 /* MessageViewCell.swift */,
				556EB0111B38CC1E00784845 /* Main.storyboard */,
				55CAA8C31B6BE313007AB136 /* AlertView.swift */,
				5550082C1B4C3C8B008E61E5 /* Launch Screen.xib */,
				556EB0141B38CC1E00784845 /* Images.xcassets */,
				556EB00B1B38CC1E00784845 /* Supporting Files */,
			);
			path = SimpleApp;
			sourceTree = "<group>";
		};
		556EB00B1B38CC1E00784845 /* Supporting Files */ = {
			isa = PBXGroup;
			children = (
				556EB00C1B38CC1E00784845 /* Info.plist */,
			);
			name = "Supporting Files";
			sourceTree = "<group>";
		};
		556EB0201B38CC1E00784845 /* SimpleAppTests */ = {
			isa = PBXGroup;
			children = (
				556EB0231B38CC1E00784845 /* SimpleAppTests.swift */,
				556EB0211B38CC1E00784845 /* Supporting Files */,
			);
			path = SimpleAppTests;
			sourceTree = "<group>";
		};
		556EB0211B38CC1E00784845 /* Supporting Files */ = {
			isa = PBXGroup;
			children = (
				556EB0221B38CC1E00784845 /* Info.plist */,
			);
			name = "Supporting Files";
			sourceTree = "<group>";
		};
		55C82BFA1B4DA03700220E17 /* Custom */ = {
			isa = PBXGroup;
			children = (
				55C82BFB1B4DA04000220E17 /* CustomButtons.swift */,
				55C82BFF1B4DA43B00220E17 /* CustomField.swift */,
			);
			name = Custom;
			sourceTree = "<group>";
		};
		8DC3266F80A55AAB512DF833 /* Pods */ = {
			isa = PBXGroup;
			children = (
				9FB3942755ADEB1A250CEA1A /* Pods-Wanna Help.debug.xcconfig */,
				06C85159A6741407A60B176B /* Pods-Wanna Help.release.xcconfig */,
			);
			name = Pods;
			sourceTree = "<group>";
		};
/* End PBXGroup section */

/* Begin PBXNativeTarget section */
		556EB0071B38CC1E00784845 /* helpr */ = {
			isa = PBXNativeTarget;
			buildConfigurationList = 556EB0271B38CC1E00784845 /* Build configuration list for PBXNativeTarget "helpr" */;
			buildPhases = (
				FFA966FA0C34E85C91BFD9B6 /* Check Pods Manifest.lock */,
				556EB0041B38CC1E00784845 /* Sources */,
				556EB0051B38CC1E00784845 /* Frameworks */,
				556EB0061B38CC1E00784845 /* Resources */,
				0581E70856E6185D4B5C2588 /* Copy Pods Resources */,
				A700FA799F792FB835D1945D /* Embed Pods Frameworks */,
			);
			buildRules = (
			);
			dependencies = (
			);
			name = helpr;
			productName = SimpleApp;
			productReference = 556EB0081B38CC1E00784845 /* helpr.app */;
			productType = "com.apple.product-type.application";
		};
		556EB01C1B38CC1E00784845 /* helprTests */ = {
			isa = PBXNativeTarget;
			buildConfigurationList = 556EB02A1B38CC1E00784845 /* Build configuration list for PBXNativeTarget "helprTests" */;
			buildPhases = (
				556EB0191B38CC1E00784845 /* Sources */,
				556EB01A1B38CC1E00784845 /* Frameworks */,
				556EB01B1B38CC1E00784845 /* Resources */,
			);
			buildRules = (
			);
			dependencies = (
				556EB01F1B38CC1E00784845 /* PBXTargetDependency */,
			);
			name = helprTests;
			productName = SimpleAppTests;
			productReference = 556EB01D1B38CC1E00784845 /* helprTests.xctest */;
			productType = "com.apple.product-type.bundle.unit-test";
		};
/* End PBXNativeTarget section */

/* Begin PBXProject section */
		556EB0001B38CC1E00784845 /* Project object */ = {
			isa = PBXProject;
			attributes = {
				LastUpgradeCheck = 0630;
				ORGANIZATIONNAME = "Oscar Bjorkman";
				TargetAttributes = {
					556EB0071B38CC1E00784845 = {
						CreatedOnToolsVersion = 6.3;
						DevelopmentTeam = K8FUZZ3FQV;
						SystemCapabilities = {
							com.apple.InAppPurchase = {
								enabled = 0;
							};
						};
					};
					556EB01C1B38CC1E00784845 = {
						CreatedOnToolsVersion = 6.3;
						TestTargetID = 556EB0071B38CC1E00784845;
					};
				};
			};
			buildConfigurationList = 556EB0031B38CC1E00784845 /* Build configuration list for PBXProject "helpr" */;
			compatibilityVersion = "Xcode 3.2";
			developmentRegion = English;
			hasScannedForEncodings = 0;
			knownRegions = (
				en,
				Base,
			);
			mainGroup = 556EAFFF1B38CC1E00784845;
			productRefGroup = 556EB0091B38CC1E00784845 /* Products */;
			projectDirPath = "";
			projectRoot = "";
			targets = (
				556EB0071B38CC1E00784845 /* helpr */,
				556EB01C1B38CC1E00784845 /* helprTests */,
			);
		};
/* End PBXProject section */

/* Begin PBXResourcesBuildPhase section */
		556EB0061B38CC1E00784845 /* Resources */ = {
			isa = PBXResourcesBuildPhase;
			buildActionMask = 2147483647;
			files = (
				557264601B73CAA200721C8A /* Settings.bundle in Resources */,
				556EB0151B38CC1E00784845 /* Images.xcassets in Resources */,
				5550082D1B4C3C8B008E61E5 /* Launch Screen.xib in Resources */,
				557264641B73D42200721C8A /* Main.storyboard in Resources */,
			);
			runOnlyForDeploymentPostprocessing = 0;
		};
		556EB01B1B38CC1E00784845 /* Resources */ = {
			isa = PBXResourcesBuildPhase;
			buildActionMask = 2147483647;
			files = (
			);
			runOnlyForDeploymentPostprocessing = 0;
		};
/* End PBXResourcesBuildPhase section */

/* Begin PBXShellScriptBuildPhase section */
		0581E70856E6185D4B5C2588 /* Copy Pods Resources */ = {
			isa = PBXShellScriptBuildPhase;
			buildActionMask = 2147483647;
			files = (
			);
			inputPaths = (
			);
			name = "Copy Pods Resources";
			outputPaths = (
			);
			runOnlyForDeploymentPostprocessing = 0;
			shellPath = /bin/sh;
			shellScript = "\"${SRCROOT}/Pods/Target Support Files/Pods-helpr/Pods-helpr-resources.sh\"\n";
			showEnvVarsInLog = 0;
		};
		A700FA799F792FB835D1945D /* Embed Pods Frameworks */ = {
			isa = PBXShellScriptBuildPhase;
			buildActionMask = 2147483647;
			files = (
			);
			inputPaths = (
			);
			name = "Embed Pods Frameworks";
			outputPaths = (
			);
			runOnlyForDeploymentPostprocessing = 0;
			shellPath = /bin/sh;
			shellScript = "\"${SRCROOT}/Pods/Target Support Files/Pods-helpr/Pods-helpr-frameworks.sh\"\n";
			showEnvVarsInLog = 0;
		};
		FFA966FA0C34E85C91BFD9B6 /* Check Pods Manifest.lock */ = {
			isa = PBXShellScriptBuildPhase;
			buildActionMask = 2147483647;
			files = (
			);
			inputPaths = (
			);
			name = "Check Pods Manifest.lock";
			outputPaths = (
			);
			runOnlyForDeploymentPostprocessing = 0;
			shellPath = /bin/sh;
			shellScript = "diff \"${PODS_ROOT}/../Podfile.lock\" \"${PODS_ROOT}/Manifest.lock\" > /dev/null\nif [[ $? != 0 ]] ; then\n    cat << EOM\nerror: The sandbox is not in sync with the Podfile.lock. Run 'pod install' or update your CocoaPods installation.\nEOM\n    exit 1\nfi\n";
			showEnvVarsInLog = 0;
		};
/* End PBXShellScriptBuildPhase section */

/* Begin PBXSourcesBuildPhase section */
		556EB0041B38CC1E00784845 /* Sources */ = {
			isa = PBXSourcesBuildPhase;
			buildActionMask = 2147483647;
			files = (
				557264661B73DCB900721C8A /* ContentViewController.swift in Sources */,
				552B86111B596883003739A8 /* taskDetailsViewController.swift in Sources */,
				556EB0101B38CC1E00784845 /* ViewController.swift in Sources */,
				55C82BFC1B4DA04000220E17 /* CustomButtons.swift in Sources */,
				55ECEE011B6AA0E5003B36F2 /* CloseRequestViewController.swift in Sources */,
				5516AD6E1B55824B00FD4DFC /* ProfileViewController.swift in Sources */,
				55C82C001B4DA43B00220E17 /* CustomField.swift in Sources */,
				555180B91B56C1B100A66D71 /* addHelpableViewController.swift in Sources */,
				556EB00E1B38CC1E00784845 /* AppDelegate.swift in Sources */,
				550AF7A21B3A0C8000CB390B /* SignUpViewController.swift in Sources */,
				55A31E6B1B580EA700A094B6 /* ZipCodeViewController.swift in Sources */,
				55E110001B711BC2000A361C /* ChatConnectionsTableViewController.swift in Sources */,
				55B1EF261B4EDC6200B8D890 /* HomeTableViewController.swift in Sources */,
				55CAA8C41B6BE313007AB136 /* AlertView.swift in Sources */,
				55C359FC1B668F0E00A392C5 /* NoHelpViewController.swift in Sources */,
				55583E371B604C4D00204898 /* ChatViewController.swift in Sources */,
				550AF7A01B3A085F00CB390B /* StartViewController.swift in Sources */,
				5520DFAC1B6064C00099D879 /* MessageViewCell.swift in Sources */,
				55C82BFE1B4DA31400220E17 /* RequestViewController.swift in Sources */,
				554F59C61B56C5A7008DB191 /* viewHelpableTableViewController.swift in Sources */,
			);
			runOnlyForDeploymentPostprocessing = 0;
		};
		556EB0191B38CC1E00784845 /* Sources */ = {
			isa = PBXSourcesBuildPhase;
			buildActionMask = 2147483647;
			files = (
				556EB0241B38CC1E00784845 /* SimpleAppTests.swift in Sources */,
			);
			runOnlyForDeploymentPostprocessing = 0;
		};
/* End PBXSourcesBuildPhase section */

/* Begin PBXTargetDependency section */
		556EB01F1B38CC1E00784845 /* PBXTargetDependency */ = {
			isa = PBXTargetDependency;
			target = 556EB0071B38CC1E00784845 /* helpr */;
			targetProxy = 556EB01E1B38CC1E00784845 /* PBXContainerItemProxy */;
		};
/* End PBXTargetDependency section */

/* Begin PBXVariantGroup section */
		556EB0111B38CC1E00784845 /* Main.storyboard */ = {
			isa = PBXVariantGroup;
			children = (
				556EB0121B38CC1E00784845 /* Base */,
			);
			name = Main.storyboard;
			sourceTree = "<group>";
		};
/* End PBXVariantGroup section */

/* Begin XCBuildConfiguration section */
		556EB0251B38CC1E00784845 /* Debug */ = {
			isa = XCBuildConfiguration;
			buildSettings = {
				ALWAYS_SEARCH_USER_PATHS = NO;
				CLANG_CXX_LANGUAGE_STANDARD = "gnu++0x";
				CLANG_CXX_LIBRARY = "libc++";
				CLANG_ENABLE_MODULES = YES;
				CLANG_ENABLE_OBJC_ARC = YES;
				CLANG_WARN_BOOL_CONVERSION = YES;
				CLANG_WARN_CONSTANT_CONVERSION = YES;
				CLANG_WARN_DIRECT_OBJC_ISA_USAGE = YES_ERROR;
				CLANG_WARN_EMPTY_BODY = YES;
				CLANG_WARN_ENUM_CONVERSION = YES;
				CLANG_WARN_INT_CONVERSION = YES;
				CLANG_WARN_OBJC_ROOT_CLASS = YES_ERROR;
				CLANG_WARN_UNREACHABLE_CODE = YES;
				CLANG_WARN__DUPLICATE_METHOD_MATCH = YES;
				CODE_SIGN_IDENTITY = "iPhone Developer: Anders Bjorkman (8Z2RJD9Z4G)";
				"CODE_SIGN_IDENTITY[sdk=iphoneos*]" = "iPhone Developer: Anders Bjorkman (8Z2RJD9Z4G)";
				COPY_PHASE_STRIP = NO;
				DEBUG_INFORMATION_FORMAT = "dwarf-with-dsym";
				ENABLE_STRICT_OBJC_MSGSEND = YES;
				GCC_C_LANGUAGE_STANDARD = gnu99;
				GCC_DYNAMIC_NO_PIC = NO;
				GCC_NO_COMMON_BLOCKS = YES;
				GCC_OPTIMIZATION_LEVEL = 0;
				GCC_PREPROCESSOR_DEFINITIONS = (
					"DEBUG=1",
					"$(inherited)",
				);
				GCC_SYMBOLS_PRIVATE_EXTERN = NO;
				GCC_WARN_64_TO_32_BIT_CONVERSION = YES;
				GCC_WARN_ABOUT_RETURN_TYPE = YES_ERROR;
				GCC_WARN_UNDECLARED_SELECTOR = YES;
				GCC_WARN_UNINITIALIZED_AUTOS = YES_AGGRESSIVE;
				GCC_WARN_UNUSED_FUNCTION = YES;
				GCC_WARN_UNUSED_VARIABLE = YES;
				IPHONEOS_DEPLOYMENT_TARGET = 8.3;
				MTL_ENABLE_DEBUG_INFO = YES;
				ONLY_ACTIVE_ARCH = YES;
				SDKROOT = iphoneos;
				SWIFT_OPTIMIZATION_LEVEL = "-Onone";
				TARGETED_DEVICE_FAMILY = "1,2";
			};
			name = Debug;
		};
		556EB0261B38CC1E00784845 /* Release */ = {
			isa = XCBuildConfiguration;
			buildSettings = {
				ALWAYS_SEARCH_USER_PATHS = NO;
				CLANG_CXX_LANGUAGE_STANDARD = "gnu++0x";
				CLANG_CXX_LIBRARY = "libc++";
				CLANG_ENABLE_MODULES = YES;
				CLANG_ENABLE_OBJC_ARC = YES;
				CLANG_WARN_BOOL_CONVERSION = YES;
				CLANG_WARN_CONSTANT_CONVERSION = YES;
				CLANG_WARN_DIRECT_OBJC_ISA_USAGE = YES_ERROR;
				CLANG_WARN_EMPTY_BODY = YES;
				CLANG_WARN_ENUM_CONVERSION = YES;
				CLANG_WARN_INT_CONVERSION = YES;
				CLANG_WARN_OBJC_ROOT_CLASS = YES_ERROR;
				CLANG_WARN_UNREACHABLE_CODE = YES;
				CLANG_WARN__DUPLICATE_METHOD_MATCH = YES;
				CODE_SIGN_IDENTITY = "iPhone Developer: Anders Bjorkman (8Z2RJD9Z4G)";
				"CODE_SIGN_IDENTITY[sdk=iphoneos*]" = "iPhone Developer: Anders Bjorkman (8Z2RJD9Z4G)";
				COPY_PHASE_STRIP = NO;
				DEBUG_INFORMATION_FORMAT = "dwarf-with-dsym";
				ENABLE_NS_ASSERTIONS = NO;
				ENABLE_STRICT_OBJC_MSGSEND = YES;
				GCC_C_LANGUAGE_STANDARD = gnu99;
				GCC_NO_COMMON_BLOCKS = YES;
				GCC_WARN_64_TO_32_BIT_CONVERSION = YES;
				GCC_WARN_ABOUT_RETURN_TYPE = YES_ERROR;
				GCC_WARN_UNDECLARED_SELECTOR = YES;
				GCC_WARN_UNINITIALIZED_AUTOS = YES_AGGRESSIVE;
				GCC_WARN_UNUSED_FUNCTION = YES;
				GCC_WARN_UNUSED_VARIABLE = YES;
				IPHONEOS_DEPLOYMENT_TARGET = 8.3;
				MTL_ENABLE_DEBUG_INFO = NO;
				SDKROOT = iphoneos;
				TARGETED_DEVICE_FAMILY = "1,2";
				VALIDATE_PRODUCT = YES;
			};
			name = Release;
		};
		556EB0281B38CC1E00784845 /* Debug */ = {
			isa = XCBuildConfiguration;
			baseConfigurationReference = 557264611B73CD1E00721C8A /* Pods-helpr.debug.xcconfig */;
			buildSettings = {
				ASSETCATALOG_COMPILER_APPICON_NAME = AppIcon;
				CODE_SIGN_IDENTITY = "iPhone Developer: Anders Bjorkman (8Z2RJD9Z4G)";
				"CODE_SIGN_IDENTITY[sdk=iphoneos*]" = "iPhone Developer: Anders Bjorkman (8Z2RJD9Z4G)";
				FRAMEWORK_SEARCH_PATHS = (
					"$(inherited)",
					"$(PROJECT_DIR)",
				);
				INFOPLIST_FILE = SimpleApp/Info.plist;
				IPHONEOS_DEPLOYMENT_TARGET = 8.4;
				LD_RUNPATH_SEARCH_PATHS = "$(inherited) @executable_path/Frameworks";
				PRODUCT_NAME = helpr;
				PROVISIONING_PROFILE = "";
				SWIFT_OBJC_BRIDGING_HEADER = "";
				TARGETED_DEVICE_FAMILY = 1;
			};
			name = Debug;
		};
		556EB0291B38CC1E00784845 /* Release */ = {
			isa = XCBuildConfiguration;
			baseConfigurationReference = 06C85159A6741407A60B176B /* Pods-Wanna Help.release.xcconfig */;
			buildSettings = {
				ASSETCATALOG_COMPILER_APPICON_NAME = AppIcon;
				CODE_SIGN_IDENTITY = "iPhone Developer: Anders Bjorkman (8Z2RJD9Z4G)";
				"CODE_SIGN_IDENTITY[sdk=iphoneos*]" = "iPhone Developer: Anders Bjorkman (8Z2RJD9Z4G)";
				FRAMEWORK_SEARCH_PATHS = (
					"$(inherited)",
					"$(PROJECT_DIR)",
				);
				INFOPLIST_FILE = SimpleApp/Info.plist;
				IPHONEOS_DEPLOYMENT_TARGET = 8.4;
				LD_RUNPATH_SEARCH_PATHS = "$(inherited) @executable_path/Frameworks";
				PRODUCT_NAME = helpr;
				PROVISIONING_PROFILE = "";
				SWIFT_OBJC_BRIDGING_HEADER = "";
				TARGETED_DEVICE_FAMILY = 1;
			};
			name = Release;
		};
		556EB02B1B38CC1E00784845 /* Debug */ = {
			isa = XCBuildConfiguration;
			buildSettings = {
				BUNDLE_LOADER = "$(TEST_HOST)";
				FRAMEWORK_SEARCH_PATHS = (
					"$(SDKROOT)/Developer/Library/Frameworks",
					"$(inherited)",
				);
				GCC_PREPROCESSOR_DEFINITIONS = (
					"DEBUG=1",
					"$(inherited)",
				);
				INFOPLIST_FILE = SimpleAppTests/Info.plist;
				LD_RUNPATH_SEARCH_PATHS = "$(inherited) @executable_path/Frameworks @loader_path/Frameworks";
				PRODUCT_NAME = helprTests;
				TEST_HOST = "$(BUILT_PRODUCTS_DIR)/SimpleApp.app/SimpleApp";
			};
			name = Debug;
		};
		556EB02C1B38CC1E00784845 /* Release */ = {
			isa = XCBuildConfiguration;
			buildSettings = {
				BUNDLE_LOADER = "$(TEST_HOST)";
				FRAMEWORK_SEARCH_PATHS = (
					"$(SDKROOT)/Developer/Library/Frameworks",
					"$(inherited)",
				);
				INFOPLIST_FILE = SimpleAppTests/Info.plist;
				LD_RUNPATH_SEARCH_PATHS = "$(inherited) @executable_path/Frameworks @loader_path/Frameworks";
				PRODUCT_NAME = helprTests;
				TEST_HOST = "$(BUILT_PRODUCTS_DIR)/SimpleApp.app/SimpleApp";
			};
			name = Release;
		};
/* End XCBuildConfiguration section */

/* Begin XCConfigurationList section */
		556EB0031B38CC1E00784845 /* Build configuration list for PBXProject "helpr" */ = {
			isa = XCConfigurationList;
			buildConfigurations = (
				556EB0251B38CC1E00784845 /* Debug */,
				556EB0261B38CC1E00784845 /* Release */,
			);
			defaultConfigurationIsVisible = 0;
			defaultConfigurationName = Release;
		};
		556EB0271B38CC1E00784845 /* Build configuration list for PBXNativeTarget "helpr" */ = {
			isa = XCConfigurationList;
			buildConfigurations = (
				556EB0281B38CC1E00784845 /* Debug */,
				556EB0291B38CC1E00784845 /* Release */,
			);
			defaultConfigurationIsVisible = 0;
			defaultConfigurationName = Release;
		};
		556EB02A1B38CC1E00784845 /* Build configuration list for PBXNativeTarget "helprTests" */ = {
			isa = XCConfigurationList;
			buildConfigurations = (
				556EB02B1B38CC1E00784845 /* Debug */,
				556EB02C1B38CC1E00784845 /* Release */,
			);
			defaultConfigurationIsVisible = 0;
			defaultConfigurationName = Release;
		};
/* End XCConfigurationList section */
	};
	rootObject = 556EB0001B38CC1E00784845 /* Project object */;
}
